
Microsoft Visual Studio Solution File, Format Version 12.00
# Visual Studio Version 16
VisualStudioVersion = 16.0.30804.86
MinimumVisualStudioVersion = 10.0.40219.1
Project("{FAE04EC0-301F-11D3-BF4B-00C04F79EFBC}") = "WebAppDocker", "WebAppDocker\WebAppDocker.csproj", "{4EEA8AC4-3F0B-4CF7-B956-63EB69908F5D}"
EndProject
Global
	GlobalSection(SolutionConfigurationPlatforms) = preSolution
		Debug|Any CPU = Debug|Any CPU
		Release|Any CPU = Release|Any CPU
	EndGlobalSection
	GlobalSection(ProjectConfigurationPlatforms) = postSolution
		{4EEA8AC4-3F0B-4CF7-B956-63EB69908F5D}.Debug|Any CPU.ActiveCfg = Debug|Any CPU
		{4EEA8AC4-3F0B-4CF7-B956-63EB69908F5D}.Debug|Any CPU.Build.0 = Debug|Any CPU
		{4EEA8AC4-3F0B-4CF7-B956-63EB69908F5D}.Release|Any CPU.ActiveCfg = Release|Any CPU
		{4EEA8AC4-3F0B-4CF7-B956-63EB69908F5D}.Release|Any CPU.Build.0 = Release|Any CPU
	EndGlobalSection
	GlobalSection(SolutionProperties) = preSolution
		HideSolutionNode = FALSE
	EndGlobalSection
	GlobalSection(ExtensibilityGlobals) = postSolution
		SolutionGuid = {97D6921A-17C4-43BD-9E95-48FCDA7273BE}
	EndGlobalSection
EndGlobal
